
Microsoft Visual Studio Solution File, Format Version 12.00
# Visual Studio Version 16
VisualStudioVersion = 16.0.30413.136
MinimumVisualStudioVersion = 10.0.40219.1
Project("{FAE04EC0-301F-11D3-BF4B-00C04F79EFBC}") = "UnitTestProject1", "UnitTestProject1\UnitTestProject1.csproj", "{0B4C5DB8-AFFD-40FE-B466-2EEC2B517A23}"
EndProject
Global
	GlobalSection(SolutionConfigurationPlatforms) = preSolution
		Debug|Any CPU = Debug|Any CPU
		Release|Any CPU = Release|Any CPU
	EndGlobalSection
	GlobalSection(ProjectConfigurationPlatforms) = postSolution
		{0B4C5DB8-AFFD-40FE-B466-2EEC2B517A23}.Debug|Any CPU.ActiveCfg = Debug|Any CPU
		{0B4C5DB8-AFFD-40FE-B466-2EEC2B517A23}.Debug|Any CPU.Build.0 = Debug|Any CPU
		{0B4C5DB8-AFFD-40FE-B466-2EEC2B517A23}.Release|Any CPU.ActiveCfg = Release|Any CPU
		{0B4C5DB8-AFFD-40FE-B466-2EEC2B517A23}.Release|Any CPU.Build.0 = Release|Any CPU
	EndGlobalSection
	GlobalSection(SolutionProperties) = preSolution
		HideSolutionNode = FALSE
	EndGlobalSection
	GlobalSection(ExtensibilityGlobals) = postSolution
		SolutionGuid = {1FA9635E-7E34-4903-8133-A6463D7882FF}
	EndGlobalSection
EndGlobal
