
Microsoft Visual Studio Solution File, Format Version 12.00
# Visual Studio Version 16
VisualStudioVersion = 16.0.29905.134
MinimumVisualStudioVersion = 10.0.40219.1
Project("{FAE04EC0-301F-11D3-BF4B-00C04F79EFBC}") = "Fishing Pond", "Unit Testing\Fishing Pond.csproj", "{14AB6D1D-B254-4F43-AB8F-FF82AED5FB42}"
EndProject
Project("{FAE04EC0-301F-11D3-BF4B-00C04F79EFBC}") = "FishingPond.UnitTests", "UnitTesting\FishingPond.UnitTests.csproj", "{F555F663-D8A9-44EE-81E7-E1FC38CBB67D}"
EndProject
Global
	GlobalSection(SolutionConfigurationPlatforms) = preSolution
		Debug|Any CPU = Debug|Any CPU
		Release|Any CPU = Release|Any CPU
	EndGlobalSection
	GlobalSection(ProjectConfigurationPlatforms) = postSolution
		{14AB6D1D-B254-4F43-AB8F-FF82AED5FB42}.Debug|Any CPU.ActiveCfg = Debug|Any CPU
		{14AB6D1D-B254-4F43-AB8F-FF82AED5FB42}.Debug|Any CPU.Build.0 = Debug|Any CPU
		{14AB6D1D-B254-4F43-AB8F-FF82AED5FB42}.Release|Any CPU.ActiveCfg = Release|Any CPU
		{14AB6D1D-B254-4F43-AB8F-FF82AED5FB42}.Release|Any CPU.Build.0 = Release|Any CPU
		{F555F663-D8A9-44EE-81E7-E1FC38CBB67D}.Debug|Any CPU.ActiveCfg = Debug|Any CPU
		{F555F663-D8A9-44EE-81E7-E1FC38CBB67D}.Debug|Any CPU.Build.0 = Debug|Any CPU
		{F555F663-D8A9-44EE-81E7-E1FC38CBB67D}.Release|Any CPU.ActiveCfg = Release|Any CPU
		{F555F663-D8A9-44EE-81E7-E1FC38CBB67D}.Release|Any CPU.Build.0 = Release|Any CPU
	EndGlobalSection
	GlobalSection(SolutionProperties) = preSolution
		HideSolutionNode = FALSE
	EndGlobalSection
	GlobalSection(ExtensibilityGlobals) = postSolution
		SolutionGuid = {044DF158-9664-4313-8985-162DA0241DD6}
	EndGlobalSection
EndGlobal
